
Microsoft Visual Studio Solution File, Format Version 12.00
Project("{FAE04EC0-301F-11D3-BF4B-00C04F79EFBC}") = "ExcelTest", "ExcelTest\ExcelTest.csproj", "{AF8C29D0-3E81-476B-A412-C82FCF15C2DD}"
EndProject
Project("{FAE04EC0-301F-11D3-BF4B-00C04F79EFBC}") = "Tests", "Tests\Tests.csproj", "{FD8BB3BF-A61D-446A-9754-F9575FBD4A0D}"
EndProject
Global
	GlobalSection(SolutionConfigurationPlatforms) = preSolution
		Debug|Any CPU = Debug|Any CPU
		Release|Any CPU = Release|Any CPU
	EndGlobalSection
	GlobalSection(ProjectConfigurationPlatforms) = postSolution
		{AF8C29D0-3E81-476B-A412-C82FCF15C2DD}.Debug|Any CPU.ActiveCfg = Debug|Any CPU
		{AF8C29D0-3E81-476B-A412-C82FCF15C2DD}.Debug|Any CPU.Build.0 = Debug|Any CPU
		{AF8C29D0-3E81-476B-A412-C82FCF15C2DD}.Release|Any CPU.ActiveCfg = Release|Any CPU
		{AF8C29D0-3E81-476B-A412-C82FCF15C2DD}.Release|Any CPU.Build.0 = Release|Any CPU
		{FD8BB3BF-A61D-446A-9754-F9575FBD4A0D}.Debug|Any CPU.ActiveCfg = Debug|Any CPU
		{FD8BB3BF-A61D-446A-9754-F9575FBD4A0D}.Debug|Any CPU.Build.0 = Debug|Any CPU
		{FD8BB3BF-A61D-446A-9754-F9575FBD4A0D}.Release|Any CPU.ActiveCfg = Release|Any CPU
		{FD8BB3BF-A61D-446A-9754-F9575FBD4A0D}.Release|Any CPU.Build.0 = Release|Any CPU
	EndGlobalSection
EndGlobal
